
Microsoft Visual Studio Solution File, Format Version 12.00
# Visual Studio Version 17
VisualStudioVersion = 17.7.34221.43
MinimumVisualStudioVersion = 10.0.40219.1
Project("{FAE04EC0-301F-11D3-BF4B-00C04F79EFBC}") = "Workaround", "..\..\..\..\MaskeTakip\Workaround\Workaround.csproj", "{6A0C7429-0CFC-4E15-AE7B-0B459AF0B310}"
EndProject
Project("{FAE04EC0-301F-11D3-BF4B-00C04F79EFBC}") = "Entities", "Entities\Entities.csproj", "{FF289182-9D02-4537-B310-D2935445AF77}"
EndProject
Project("{FAE04EC0-301F-11D3-BF4B-00C04F79EFBC}") = "Business(isKuralı)", "Business(isKuralı)\Business(isKuralı).csproj", "{6D4C6F1B-27D3-4425-B44E-1B2AD184E1E5}"
EndProject
Global
	GlobalSection(SolutionConfigurationPlatforms) = preSolution
		Debug|Any CPU = Debug|Any CPU
		Release|Any CPU = Release|Any CPU
	EndGlobalSection
	GlobalSection(ProjectConfigurationPlatforms) = postSolution
		{6A0C7429-0CFC-4E15-AE7B-0B459AF0B310}.Debug|Any CPU.ActiveCfg = Debug|Any CPU
		{6A0C7429-0CFC-4E15-AE7B-0B459AF0B310}.Debug|Any CPU.Build.0 = Debug|Any CPU
		{6A0C7429-0CFC-4E15-AE7B-0B459AF0B310}.Release|Any CPU.ActiveCfg = Release|Any CPU
		{6A0C7429-0CFC-4E15-AE7B-0B459AF0B310}.Release|Any CPU.Build.0 = Release|Any CPU
		{FF289182-9D02-4537-B310-D2935445AF77}.Debug|Any CPU.ActiveCfg = Debug|Any CPU
		{FF289182-9D02-4537-B310-D2935445AF77}.Debug|Any CPU.Build.0 = Debug|Any CPU
		{FF289182-9D02-4537-B310-D2935445AF77}.Release|Any CPU.ActiveCfg = Release|Any CPU
		{FF289182-9D02-4537-B310-D2935445AF77}.Release|Any CPU.Build.0 = Release|Any CPU
		{6D4C6F1B-27D3-4425-B44E-1B2AD184E1E5}.Debug|Any CPU.ActiveCfg = Debug|Any CPU
		{6D4C6F1B-27D3-4425-B44E-1B2AD184E1E5}.Debug|Any CPU.Build.0 = Debug|Any CPU
		{6D4C6F1B-27D3-4425-B44E-1B2AD184E1E5}.Release|Any CPU.ActiveCfg = Release|Any CPU
		{6D4C6F1B-27D3-4425-B44E-1B2AD184E1E5}.Release|Any CPU.Build.0 = Release|Any CPU
	EndGlobalSection
	GlobalSection(SolutionProperties) = preSolution
		HideSolutionNode = FALSE
	EndGlobalSection
	GlobalSection(ExtensibilityGlobals) = postSolution
		SolutionGuid = {389EE36A-1693-4F1D-A4AE-6D20D49897E1}
	EndGlobalSection
EndGlobal
